// !$*UTF8*$!
{
	archiveVersion = 1;
	classes = {
	};
	objectVersion = 46;
	objects = {

/* Begin PBXBuildFile section */
		157391D31DF5168A00E71CD6 /* AppDelegate.swift in Sources */ = {isa = PBXBuildFile; fileRef = 157391D21DF5168A00E71CD6 /* AppDelegate.swift */; };
		157391D51DF5168A00E71CD6 /* ViewController.swift in Sources */ = {isa = PBXBuildFile; fileRef = 157391D41DF5168A00E71CD6 /* ViewController.swift */; };
		157391D71DF5168A00E71CD6 /* Assets.xcassets in Resources */ = {isa = PBXBuildFile; fileRef = 157391D61DF5168A00E71CD6 /* Assets.xcassets */; };
		157391DA1DF5168A00E71CD6 /* Main.storyboard in Resources */ = {isa = PBXBuildFile; fileRef = 157391D81DF5168A00E71CD6 /* Main.storyboard */; };
		157391E51DF5168A00E71CD6 /* pdfToolTests.swift in Sources */ = {isa = PBXBuildFile; fileRef = 157391E41DF5168A00E71CD6 /* pdfToolTests.swift */; };
		157391F01DF5168A00E71CD6 /* pdfToolUITests.swift in Sources */ = {isa = PBXBuildFile; fileRef = 157391EF1DF5168A00E71CD6 /* pdfToolUITests.swift */; };
/* End PBXBuildFile section */

/* Begin PBXContainerItemProxy section */
		157391E11DF5168A00E71CD6 /* PBXContainerItemProxy */ = {
			isa = PBXContainerItemProxy;
			containerPortal = 157391C71DF5168A00E71CD6 /* Project object */;
			proxyType = 1;
			remoteGlobalIDString = 157391CE1DF5168A00E71CD6;
			remoteInfo = pdfTool;
		};
		157391EC1DF5168A00E71CD6 /* PBXContainerItemProxy */ = {
			isa = PBXContainerItemProxy;
			containerPortal = 157391C71DF5168A00E71CD6 /* Project object */;
			proxyType = 1;
			remoteGlobalIDString = 157391CE1DF5168A00E71CD6;
			remoteInfo = pdfTool;
		};
/* End PBXContainerItemProxy section */

/* Begin PBXFileReference section */
		157391CF1DF5168A00E71CD6 /* pdfTool.app */ = {isa = PBXFileReference; explicitFileType = wrapper.application; includeInIndex = 0; path = pdfTool.app; sourceTree = BUILT_PRODUCTS_DIR; };
		157391D21DF5168A00E71CD6 /* AppDelegate.swift */ = {isa = PBXFileReference; lastKnownFileType = sourcecode.swift; path = AppDelegate.swift; sourceTree = "<group>"; };
		157391D41DF5168A00E71CD6 /* ViewController.swift */ = {isa = PBXFileReference; lastKnownFileType = sourcecode.swift; path = ViewController.swift; sourceTree = "<group>"; };
		157391D61DF5168A00E71CD6 /* Assets.xcassets */ = {isa = PBXFileReference; lastKnownFileType = folder.assetcatalog; path = Assets.xcassets; sourceTree = "<group>"; };
		157391D91DF5168A00E71CD6 /* Base */ = {isa = PBXFileReference; lastKnownFileType = file.storyboard; name = Base; path = Base.lproj/Main.storyboard; sourceTree = "<group>"; };
		157391DB1DF5168A00E71CD6 /* Info.plist */ = {isa = PBXFileReference; lastKnownFileType = text.plist.xml; path = Info.plist; sourceTree = "<group>"; };
		157391E01DF5168A00E71CD6 /* pdfToolTests.xctest */ = {isa = PBXFileReference; explicitFileType = wrapper.cfbundle; includeInIndex = 0; path = pdfToolTests.xctest; sourceTree = BUILT_PRODUCTS_DIR; };
		157391E41DF5168A00E71CD6 /* pdfToolTests.swift */ = {isa = PBXFileReference; lastKnownFileType = sourcecode.swift; path = pdfToolTests.swift; sourceTree = "<group>"; };
		157391E61DF5168A00E71CD6 /* Info.plist */ = {isa = PBXFileReference; lastKnownFileType = text.plist.xml; path = Info.plist; sourceTree = "<group>"; };
		157391EB1DF5168A00E71CD6 /* pdfToolUITests.xctest */ = {isa = PBXFileReference; explicitFileType = wrapper.cfbundle; includeInIndex = 0; path = pdfToolUITests.xctest; sourceTree = BUILT_PRODUCTS_DIR; };
		157391EF1DF5168A00E71CD6 /* pdfToolUITests.swift */ = {isa = PBXFileReference; lastKnownFileType = sourcecode.swift; path = pdfToolUITests.swift; sourceTree = "<group>"; };
		157391F11DF5168A00E71CD6 /* Info.plist */ = {isa = PBXFileReference; lastKnownFileType = text.plist.xml; path = Info.plist; sourceTree = "<group>"; };
/* End PBXFileReference section */

/* Begin PBXFrameworksBuildPhase section */
		157391CC1DF5168A00E71CD6 /* Frameworks */ = {
			isa = PBXFrameworksBuildPhase;
			buildActionMask = 2147483647;
			files = (
			);
			runOnlyForDeploymentPostprocessing = 0;
		};
		157391DD1DF5168A00E71CD6 /* Frameworks */ = {
			isa = PBXFrameworksBuildPhase;
			buildActionMask = 2147483647;
			files = (
			);
			runOnlyForDeploymentPostprocessing = 0;
		};
		157391E81DF5168A00E71CD6 /* Frameworks */ = {
			isa = PBXFrameworksBuildPhase;
			buildActionMask = 2147483647;
			files = (
			);
			runOnlyForDeploymentPostprocessing = 0;
		};
/* End PBXFrameworksBuildPhase section */

/* Begin PBXGroup section */
		157391C61DF5168A00E71CD6 = {
			isa = PBXGroup;
			children = (
				157391D11DF5168A00E71CD6 /* pdfTool */,
				157391E31DF5168A00E71CD6 /* pdfToolTests */,
				157391EE1DF5168A00E71CD6 /* pdfToolUITests */,
				157391D01DF5168A00E71CD6 /* Products */,
			);
			sourceTree = "<group>";
		};
		157391D01DF5168A00E71CD6 /* Products */ = {
			isa = PBXGroup;
			children = (
				157391CF1DF5168A00E71CD6 /* pdfTool.app */,
				157391E01DF5168A00E71CD6 /* pdfToolTests.xctest */,
				157391EB1DF5168A00E71CD6 /* pdfToolUITests.xctest */,
			);
			name = Products;
			sourceTree = "<group>";
		};
		157391D11DF5168A00E71CD6 /* pdfTool */ = {
			isa = PBXGroup;
			children = (
				157391D21DF5168A00E71CD6 /* AppDelegate.swift */,
				157391D41DF5168A00E71CD6 /* ViewController.swift */,
				157391D61DF5168A00E71CD6 /* Assets.xcassets */,
				157391D81DF5168A00E71CD6 /* Main.storyboard */,
				157391DB1DF5168A00E71CD6 /* Info.plist */,
			);
			path = pdfTool;
			sourceTree = "<group>";
		};
		157391E31DF5168A00E71CD6 /* pdfToolTests */ = {
			isa = PBXGroup;
			children = (
				157391E41DF5168A00E71CD6 /* pdfToolTests.swift */,
				157391E61DF5168A00E71CD6 /* Info.plist */,
			);
			path = pdfToolTests;
			sourceTree = "<group>";
		};
		157391EE1DF5168A00E71CD6 /* pdfToolUITests */ = {
			isa = PBXGroup;
			children = (
				157391EF1DF5168A00E71CD6 /* pdfToolUITests.swift */,
				157391F11DF5168A00E71CD6 /* Info.plist */,
			);
			path = pdfToolUITests;
			sourceTree = "<group>";
		};
/* End PBXGroup section */

/* Begin PBXNativeTarget section */
		157391CE1DF5168A00E71CD6 /* pdfTool */ = {
			isa = PBXNativeTarget;
			buildConfigurationList = 157391F41DF5168A00E71CD6 /* Build configuration list for PBXNativeTarget "pdfTool" */;
			buildPhases = (
				157391CB1DF5168A00E71CD6 /* Sources */,
				157391CC1DF5168A00E71CD6 /* Frameworks */,
				157391CD1DF5168A00E71CD6 /* Resources */,
			);
			buildRules = (
			);
			dependencies = (
			);
			name = pdfTool;
			productName = pdfTool;
			productReference = 157391CF1DF5168A00E71CD6 /* pdfTool.app */;
			productType = "com.apple.product-type.application";
		};
		157391DF1DF5168A00E71CD6 /* pdfToolTests */ = {
			isa = PBXNativeTarget;
			buildConfigurationList = 157391F71DF5168A00E71CD6 /* Build configuration list for PBXNativeTarget "pdfToolTests" */;
			buildPhases = (
				157391DC1DF5168A00E71CD6 /* Sources */,
				157391DD1DF5168A00E71CD6 /* Frameworks */,
				157391DE1DF5168A00E71CD6 /* Resources */,
			);
			buildRules = (
			);
			dependencies = (
				157391E21DF5168A00E71CD6 /* PBXTargetDependency */,
			);
			name = pdfToolTests;
			productName = pdfToolTests;
			productReference = 157391E01DF5168A00E71CD6 /* pdfToolTests.xctest */;
			productType = "com.apple.product-type.bundle.unit-test";
		};
		157391EA1DF5168A00E71CD6 /* pdfToolUITests */ = {
			isa = PBXNativeTarget;
			buildConfigurationList = 157391FA1DF5168A00E71CD6 /* Build configuration list for PBXNativeTarget "pdfToolUITests" */;
			buildPhases = (
				157391E71DF5168A00E71CD6 /* Sources */,
				157391E81DF5168A00E71CD6 /* Frameworks */,
				157391E91DF5168A00E71CD6 /* Resources */,
			);
			buildRules = (
			);
			dependencies = (
				157391ED1DF5168A00E71CD6 /* PBXTargetDependency */,
			);
			name = pdfToolUITests;
			productName = pdfToolUITests;
			productReference = 157391EB1DF5168A00E71CD6 /* pdfToolUITests.xctest */;
			productType = "com.apple.product-type.bundle.ui-testing";
		};
/* End PBXNativeTarget section */

/* Begin PBXProject section */
		157391C71DF5168A00E71CD6 /* Project object */ = {
			isa = PBXProject;
			attributes = {
				LastSwiftUpdateCheck = 0810;
				LastUpgradeCheck = 0810;
				ORGANIZATIONNAME = "Weicheng Zhu";
				TargetAttributes = {
					157391CE1DF5168A00E71CD6 = {
						CreatedOnToolsVersion = 8.1;
						ProvisioningStyle = Automatic;
					};
					157391DF1DF5168A00E71CD6 = {
						CreatedOnToolsVersion = 8.1;
						ProvisioningStyle = Automatic;
						TestTargetID = 157391CE1DF5168A00E71CD6;
					};
					157391EA1DF5168A00E71CD6 = {
						CreatedOnToolsVersion = 8.1;
						ProvisioningStyle = Automatic;
						TestTargetID = 157391CE1DF5168A00E71CD6;
					};
				};
			};
			buildConfigurationList = 157391CA1DF5168A00E71CD6 /* Build configuration list for PBXProject "pdfTool" */;
			compatibilityVersion = "Xcode 3.2";
			developmentRegion = English;
			hasScannedForEncodings = 0;
			knownRegions = (
				en,
				Base,
			);
			mainGroup = 157391C61DF5168A00E71CD6;
			productRefGroup = 157391D01DF5168A00E71CD6 /* Products */;
			projectDirPath = "";
			projectRoot = "";
			targets = (
				157391CE1DF5168A00E71CD6 /* pdfTool */,
				157391DF1DF5168A00E71CD6 /* pdfToolTests */,
				157391EA1DF5168A00E71CD6 /* pdfToolUITests */,
			);
		};
/* End PBXProject section */

/* Begin PBXResourcesBuildPhase section */
		157391CD1DF5168A00E71CD6 /* Resources */ = {
			isa = PBXResourcesBuildPhase;
			buildActionMask = 2147483647;
			files = (
				157391D71DF5168A00E71CD6 /* Assets.xcassets in Resources */,
				157391DA1DF5168A00E71CD6 /* Main.storyboard in Resources */,
			);
			runOnlyForDeploymentPostprocessing = 0;
		};
		157391DE1DF5168A00E71CD6 /* Resources */ = {
			isa = PBXResourcesBuildPhase;
			buildActionMask = 2147483647;
			files = (
			);
			runOnlyForDeploymentPostprocessing = 0;
		};
		157391E91DF5168A00E71CD6 /* Resources */ = {
			isa = PBXResourcesBuildPhase;
			buildActionMask = 2147483647;
			files = (
			);
			runOnlyForDeploymentPostprocessing = 0;
		};
/* End PBXResourcesBuildPhase section */

/* Begin PBXSourcesBuildPhase section */
		157391CB1DF5168A00E71CD6 /* Sources */ = {
			isa = PBXSourcesBuildPhase;
			buildActionMask = 2147483647;
			files = (
				157391D51DF5168A00E71CD6 /* ViewController.swift in Sources */,
				157391D31DF5168A00E71CD6 /* AppDelegate.swift in Sources */,
			);
			runOnlyForDeploymentPostprocessing = 0;
		};
		157391DC1DF5168A00E71CD6 /* Sources */ = {
			isa = PBXSourcesBuildPhase;
			buildActionMask = 2147483647;
			files = (
				157391E51DF5168A00E71CD6 /* pdfToolTests.swift in Sources */,
			);
			runOnlyForDeploymentPostprocessing = 0;
		};
		157391E71DF5168A00E71CD6 /* Sources */ = {
			isa = PBXSourcesBuildPhase;
			buildActionMask = 2147483647;
			files = (
				157391F01DF5168A00E71CD6 /* pdfToolUITests.swift in Sources */,
			);
			runOnlyForDeploymentPostprocessing = 0;
		};
/* End PBXSourcesBuildPhase section */

/* Begin PBXTargetDependency section */
		157391E21DF5168A00E71CD6 /* PBXTargetDependency */ = {
			isa = PBXTargetDependency;
			target = 157391CE1DF5168A00E71CD6 /* pdfTool */;
			targetProxy = 157391E11DF5168A00E71CD6 /* PBXContainerItemProxy */;
		};
		157391ED1DF5168A00E71CD6 /* PBXTargetDependency */ = {
			isa = PBXTargetDependency;
			target = 157391CE1DF5168A00E71CD6 /* pdfTool */;
			targetProxy = 157391EC1DF5168A00E71CD6 /* PBXContainerItemProxy */;
		};
/* End PBXTargetDependency section */

/* Begin PBXVariantGroup section */
		157391D81DF5168A00E71CD6 /* Main.storyboard */ = {
			isa = PBXVariantGroup;
			children = (
				157391D91DF5168A00E71CD6 /* Base */,
			);
			name = Main.storyboard;
			sourceTree = "<group>";
		};
/* End PBXVariantGroup section */

/* Begin XCBuildConfiguration section */
		157391F21DF5168A00E71CD6 /* Debug */ = {
			isa = XCBuildConfiguration;
			buildSettings = {
				ALWAYS_SEARCH_USER_PATHS = NO;
				CLANG_ANALYZER_NONNULL = YES;
				CLANG_CXX_LANGUAGE_STANDARD = "gnu++0x";
				CLANG_CXX_LIBRARY = "libc++";
				CLANG_ENABLE_MODULES = YES;
				CLANG_ENABLE_OBJC_ARC = YES;
				CLANG_WARN_BOOL_CONVERSION = YES;
				CLANG_WARN_CONSTANT_CONVERSION = YES;
				CLANG_WARN_DIRECT_OBJC_ISA_USAGE = YES_ERROR;
				CLANG_WARN_DOCUMENTATION_COMMENTS = YES;
				CLANG_WARN_EMPTY_BODY = YES;
				CLANG_WARN_ENUM_CONVERSION = YES;
				CLANG_WARN_INFINITE_RECURSION = YES;
				CLANG_WARN_INT_CONVERSION = YES;
				CLANG_WARN_OBJC_ROOT_CLASS = YES_ERROR;
				CLANG_WARN_SUSPICIOUS_MOVES = YES;
				CLANG_WARN_UNREACHABLE_CODE = YES;
				CLANG_WARN__DUPLICATE_METHOD_MATCH = YES;
				CODE_SIGN_IDENTITY = "-";
				COPY_PHASE_STRIP = NO;
				DEBUG_INFORMATION_FORMAT = dwarf;
				ENABLE_STRICT_OBJC_MSGSEND = YES;
				ENABLE_TESTABILITY = YES;
				GCC_C_LANGUAGE_STANDARD = gnu99;
				GCC_DYNAMIC_NO_PIC = NO;
				GCC_NO_COMMON_BLOCKS = YES;
				GCC_OPTIMIZATION_LEVEL = 0;
				GCC_PREPROCESSOR_DEFINITIONS = (
					"DEBUG=1",
					"$(inherited)",
				);
				GCC_WARN_64_TO_32_BIT_CONVERSION = YES;
				GCC_WARN_ABOUT_RETURN_TYPE = YES_ERROR;
				GCC_WARN_UNDECLARED_SELECTOR = YES;
				GCC_WARN_UNINITIALIZED_AUTOS = YES_AGGRESSIVE;
				GCC_WARN_UNUSED_FUNCTION = YES;
				GCC_WARN_UNUSED_VARIABLE = YES;
				MACOSX_DEPLOYMENT_TARGET = 10.12;
				MTL_ENABLE_DEBUG_INFO = YES;
				ONLY_ACTIVE_ARCH = YES;
				SDKROOT = macosx;
				SWIFT_ACTIVE_COMPILATION_CONDITIONS = DEBUG;
				SWIFT_OPTIMIZATION_LEVEL = "-Onone";
			};
			name = Debug;
		};
		157391F31DF5168A00E71CD6 /* Release */ = {
			isa = XCBuildConfiguration;
			buildSettings = {
				ALWAYS_SEARCH_USER_PATHS = NO;
				CLANG_ANALYZER_NONNULL = YES;
				CLANG_CXX_LANGUAGE_STANDARD = "gnu++0x";
				CLANG_CXX_LIBRARY = "libc++";
				CLANG_ENABLE_MODULES = YES;
				CLANG_ENABLE_OBJC_ARC = YES;
				CLANG_WARN_BOOL_CONVERSION = YES;
				CLANG_WARN_CONSTANT_CONVERSION = YES;
				CLANG_WARN_DIRECT_OBJC_ISA_USAGE = YES_ERROR;
				CLANG_WARN_DOCUMENTATION_COMMENTS = YES;
				CLANG_WARN_EMPTY_BODY = YES;
				CLANG_WARN_ENUM_CONVERSION = YES;
				CLANG_WARN_INFINITE_RECURSION = YES;
				CLANG_WARN_INT_CONVERSION = YES;
				CLANG_WARN_OBJC_ROOT_CLASS = YES_ERROR;
				CLANG_WARN_SUSPICIOUS_MOVES = YES;
				CLANG_WARN_UNREACHABLE_CODE = YES;
				CLANG_WARN__DUPLICATE_METHOD_MATCH = YES;
				CODE_SIGN_IDENTITY = "-";
				COPY_PHASE_STRIP = NO;
				DEBUG_INFORMATION_FORMAT = "dwarf-with-dsym";
				ENABLE_NS_ASSERTIONS = NO;
				ENABLE_STRICT_OBJC_MSGSEND = YES;
				GCC_C_LANGUAGE_STANDARD = gnu99;
				GCC_NO_COMMON_BLOCKS = YES;
				GCC_WARN_64_TO_32_BIT_CONVERSION = YES;
				GCC_WARN_ABOUT_RETURN_TYPE = YES_ERROR;
				GCC_WARN_UNDECLARED_SELECTOR = YES;
				GCC_WARN_UNINITIALIZED_AUTOS = YES_AGGRESSIVE;
				GCC_WARN_UNUSED_FUNCTION = YES;
				GCC_WARN_UNUSED_VARIABLE = YES;
				MACOSX_DEPLOYMENT_TARGET = 10.12;
				MTL_ENABLE_DEBUG_INFO = NO;
				SDKROOT = macosx;
				SWIFT_OPTIMIZATION_LEVEL = "-Owholemodule";
			};
			name = Release;
		};
		157391F51DF5168A00E71CD6 /* Debug */ = {
			isa = XCBuildConfiguration;
			buildSettings = {
				ASSETCATALOG_COMPILER_APPICON_NAME = AppIcon;
				COMBINE_HIDPI_IMAGES = YES;
				INFOPLIST_FILE = pdfTool/Info.plist;
				LD_RUNPATH_SEARCH_PATHS = "$(inherited) @executable_path/../Frameworks";
				PRODUCT_BUNDLE_IDENTIFIER = p4a.us.pdfTool;
				PRODUCT_NAME = "$(TARGET_NAME)";
				SWIFT_VERSION = 3.0;
			};
			name = Debug;
		};
		157391F61DF5168A00E71CD6 /* Release */ = {
			isa = XCBuildConfiguration;
			buildSettings = {
				ASSETCATALOG_COMPILER_APPICON_NAME = AppIcon;
				COMBINE_HIDPI_IMAGES = YES;
				INFOPLIST_FILE = pdfTool/Info.plist;
				LD_RUNPATH_SEARCH_PATHS = "$(inherited) @executable_path/../Frameworks";
				PRODUCT_BUNDLE_IDENTIFIER = p4a.us.pdfTool;
				PRODUCT_NAME = "$(TARGET_NAME)";
				SWIFT_VERSION = 3.0;
			};
			name = Release;
		};
		157391F81DF5168A00E71CD6 /* Debug */ = {
			isa = XCBuildConfiguration;
			buildSettings = {
				ALWAYS_EMBED_SWIFT_STANDARD_LIBRARIES = YES;
				BUNDLE_LOADER = "$(TEST_HOST)";
				COMBINE_HIDPI_IMAGES = YES;
				INFOPLIST_FILE = pdfToolTests/Info.plist;
				LD_RUNPATH_SEARCH_PATHS = "$(inherited) @executable_path/../Frameworks @loader_path/../Frameworks";
				PRODUCT_BUNDLE_IDENTIFIER = p4a.us.pdfToolTests;
				PRODUCT_NAME = "$(TARGET_NAME)";
				SWIFT_VERSION = 3.0;
				TEST_HOST = "$(BUILT_PRODUCTS_DIR)/pdfTool.app/Contents/MacOS/pdfTool";
			};
			name = Debug;
		};
		157391F91DF5168A00E71CD6 /* Release */ = {
			isa = XCBuildConfiguration;
			buildSettings = {
				ALWAYS_EMBED_SWIFT_STANDARD_LIBRARIES = YES;
				BUNDLE_LOADER = "$(TEST_HOST)";
				COMBINE_HIDPI_IMAGES = YES;
				INFOPLIST_FILE = pdfToolTests/Info.plist;
				LD_RUNPATH_SEARCH_PATHS = "$(inherited) @executable_path/../Frameworks @loader_path/../Frameworks";
				PRODUCT_BUNDLE_IDENTIFIER = p4a.us.pdfToolTests;
				PRODUCT_NAME = "$(TARGET_NAME)";
				SWIFT_VERSION = 3.0;
				TEST_HOST = "$(BUILT_PRODUCTS_DIR)/pdfTool.app/Contents/MacOS/pdfTool";
			};
			name = Release;
		};
		157391FB1DF5168A00E71CD6 /* Debug */ = {
			isa = XCBuildConfiguration;
			buildSettings = {
				ALWAYS_EMBED_SWIFT_STANDARD_LIBRARIES = YES;
				COMBINE_HIDPI_IMAGES = YES;
				INFOPLIST_FILE = pdfToolUITests/Info.plist;
				LD_RUNPATH_SEARCH_PATHS = "$(inherited) @executable_path/../Frameworks @loader_path/../Frameworks";
				PRODUCT_BUNDLE_IDENTIFIER = p4a.us.pdfToolUITests;
				PRODUCT_NAME = "$(TARGET_NAME)";
				SWIFT_VERSION = 3.0;
				TEST_TARGET_NAME = pdfTool;
			};
			name = Debug;
		};
		157391FC1DF5168A00E71CD6 /* Release */ = {
			isa = XCBuildConfiguration;
			buildSettings = {
				ALWAYS_EMBED_SWIFT_STANDARD_LIBRARIES = YES;
				COMBINE_HIDPI_IMAGES = YES;
				INFOPLIST_FILE = pdfToolUITests/Info.plist;
				LD_RUNPATH_SEARCH_PATHS = "$(inherited) @executable_path/../Frameworks @loader_path/../Frameworks";
				PRODUCT_BUNDLE_IDENTIFIER = p4a.us.pdfToolUITests;
				PRODUCT_NAME = "$(TARGET_NAME)";
				SWIFT_VERSION = 3.0;
				TEST_TARGET_NAME = pdfTool;
			};
			name = Release;
		};
/* End XCBuildConfiguration section */

/* Begin XCConfigurationList section */
		157391CA1DF5168A00E71CD6 /* Build configuration list for PBXProject "pdfTool" */ = {
			isa = XCConfigurationList;
			buildConfigurations = (
				157391F21DF5168A00E71CD6 /* Debug */,
				157391F31DF5168A00E71CD6 /* Release */,
			);
			defaultConfigurationIsVisible = 0;
			defaultConfigurationName = Release;
		};
		157391F41DF5168A00E71CD6 /* Build configuration list for PBXNativeTarget "pdfTool" */ = {
			isa = XCConfigurationList;
			buildConfigurations = (
				157391F51DF5168A00E71CD6 /* Debug */,
				157391F61DF5168A00E71CD6 /* Release */,
			);
			defaultConfigurationIsVisible = 0;
		};
		157391F71DF5168A00E71CD6 /* Build configuration list for PBXNativeTarget "pdfToolTests" */ = {
			isa = XCConfigurationList;
			buildConfigurations = (
				157391F81DF5168A00E71CD6 /* Debug */,
				157391F91DF5168A00E71CD6 /* Release */,
			);
			defaultConfigurationIsVisible = 0;
		};
		157391FA1DF5168A00E71CD6 /* Build configuration list for PBXNativeTarget "pdfToolUITests" */ = {
			isa = XCConfigurationList;
			buildConfigurations = (
				157391FB1DF5168A00E71CD6 /* Debug */,
				157391FC1DF5168A00E71CD6 /* Release */,
			);
			defaultConfigurationIsVisible = 0;
		};
/* End XCConfigurationList section */
	};
	rootObject = 157391C71DF5168A00E71CD6 /* Project object */;
}
